
Microsoft Visual Studio Solution File, Format Version 12.00
# Visual Studio Version 16
VisualStudioVersion = 16.0.29411.108
MinimumVisualStudioVersion = 10.0.40219.1
Project("{9A19103F-16F7-4668-BE54-9A1E7A4F7556}") = "ClinicAPI", "ClinicAPI\ClinicAPI.csproj", "{19354B89-DD38-432D-9962-61F43D79CEB6}"
EndProject
Project("{9A19103F-16F7-4668-BE54-9A1E7A4F7556}") = "ClinicApp", "ClinicApp\ClinicApp.csproj", "{7CCB1A61-0281-4D87-B642-93FAEB07B845}"
EndProject
Project("{2150E333-8FDC-42A3-9474-1A3956D46DE8}") = "Solution Items", "Solution Items", "{FED5CFE2-3396-4FF3-899D-7629189C813A}"
	ProjectSection(SolutionItems) = preProject
		.gitattributes = .gitattributes
		.gitignore = .gitignore
		Readme.md = Readme.md
	EndProjectSection
EndProject
Project("{9A19103F-16F7-4668-BE54-9A1E7A4F7556}") = "DAL", "DAL\DAL.csproj", "{634D9811-F92C-4ACF-BD8D-3DCEA347C349}"
EndProject
Global
	GlobalSection(SolutionConfigurationPlatforms) = preSolution
		Debug|Any CPU = Debug|Any CPU
		Debug|x64 = Debug|x64
		Debug|x86 = Debug|x86
		Release|Any CPU = Release|Any CPU
		Release|x64 = Release|x64
		Release|x86 = Release|x86
	EndGlobalSection
	GlobalSection(ProjectConfigurationPlatforms) = postSolution
		{19354B89-DD38-432D-9962-61F43D79CEB6}.Debug|Any CPU.ActiveCfg = Debug|x64
		{19354B89-DD38-432D-9962-61F43D79CEB6}.Debug|x64.ActiveCfg = Debug|x64
		{19354B89-DD38-432D-9962-61F43D79CEB6}.Debug|x64.Build.0 = Debug|x64
		{19354B89-DD38-432D-9962-61F43D79CEB6}.Debug|x86.ActiveCfg = Debug|x64
		{19354B89-DD38-432D-9962-61F43D79CEB6}.Release|Any CPU.ActiveCfg = Release|x64
		{19354B89-DD38-432D-9962-61F43D79CEB6}.Release|x64.ActiveCfg = Release|x64
		{19354B89-DD38-432D-9962-61F43D79CEB6}.Release|x64.Build.0 = Release|x64
		{19354B89-DD38-432D-9962-61F43D79CEB6}.Release|x86.ActiveCfg = Release|x64
		{7CCB1A61-0281-4D87-B642-93FAEB07B845}.Debug|Any CPU.ActiveCfg = Debug|x64
		{7CCB1A61-0281-4D87-B642-93FAEB07B845}.Debug|x64.ActiveCfg = Debug|x64
		{7CCB1A61-0281-4D87-B642-93FAEB07B845}.Debug|x64.Build.0 = Debug|x64
		{7CCB1A61-0281-4D87-B642-93FAEB07B845}.Debug|x86.ActiveCfg = Debug|x64
		{7CCB1A61-0281-4D87-B642-93FAEB07B845}.Release|Any CPU.ActiveCfg = Release|x64
		{7CCB1A61-0281-4D87-B642-93FAEB07B845}.Release|x64.ActiveCfg = Release|x64
		{7CCB1A61-0281-4D87-B642-93FAEB07B845}.Release|x64.Build.0 = Release|x64
		{7CCB1A61-0281-4D87-B642-93FAEB07B845}.Release|x86.ActiveCfg = Release|x64
		{634D9811-F92C-4ACF-BD8D-3DCEA347C349}.Debug|Any CPU.ActiveCfg = Debug|Any CPU
		{634D9811-F92C-4ACF-BD8D-3DCEA347C349}.Debug|Any CPU.Build.0 = Debug|Any CPU
		{634D9811-F92C-4ACF-BD8D-3DCEA347C349}.Debug|x64.ActiveCfg = Debug|Any CPU
		{634D9811-F92C-4ACF-BD8D-3DCEA347C349}.Debug|x64.Build.0 = Debug|Any CPU
		{634D9811-F92C-4ACF-BD8D-3DCEA347C349}.Debug|x86.ActiveCfg = Debug|Any CPU
		{634D9811-F92C-4ACF-BD8D-3DCEA347C349}.Debug|x86.Build.0 = Debug|Any CPU
		{634D9811-F92C-4ACF-BD8D-3DCEA347C349}.Release|Any CPU.ActiveCfg = Release|Any CPU
		{634D9811-F92C-4ACF-BD8D-3DCEA347C349}.Release|Any CPU.Build.0 = Release|Any CPU
		{634D9811-F92C-4ACF-BD8D-3DCEA347C349}.Release|x64.ActiveCfg = Release|Any CPU
		{634D9811-F92C-4ACF-BD8D-3DCEA347C349}.Release|x64.Build.0 = Release|Any CPU
		{634D9811-F92C-4ACF-BD8D-3DCEA347C349}.Release|x86.ActiveCfg = Release|Any CPU
		{634D9811-F92C-4ACF-BD8D-3DCEA347C349}.Release|x86.Build.0 = Release|Any CPU
	EndGlobalSection
	GlobalSection(SolutionProperties) = preSolution
		HideSolutionNode = FALSE
	EndGlobalSection
	GlobalSection(ExtensibilityGlobals) = postSolution
		SolutionGuid = {7F5964B6-8CD4-4EB9-8FFD-534A2B06874F}
	EndGlobalSection
EndGlobal
